dependencies:
- name: mariadb
  repository: https://charts.eu-de-2.cloud.sap
  version: 0.3.55
- name: memcached
  repository: https://charts.eu-de-2.cloud.sap
  version: 0.0.10
- name: mysql_metrics
  repository: https://charts.eu-de-2.cloud.sap
  version: 0.2.7
- name: rabbitmq
  repository: https://charts.eu-de-2.cloud.sap
  version: 0.3.2
- name: rabbitmq
  repository: https://charts.eu-de-2.cloud.sap
  version: 0.3.2
- name: region_check
  repository: https://charts.eu-de-2.cloud.sap
  version: 0.1.2
- name: utils
  repository: file://../utils
  version: 0.6.0
digest: sha256:14c47024136a74c05e6edd09b09a03d53cea3ba3ec57397181af3c109b7070b9
generated: "2022-07-28T16:32:52.020488147+02:00"
